
Microsoft Visual Studio Solution File, Format Version 12.00
# Visual Studio Version 17
VisualStudioVersion = 17.7.34202.233
MinimumVisualStudioVersion = 10.0.40219.1
Project("{9A19103F-16F7-4668-BE54-9A1E7A4F7556}") = "UnitTestingApp.Test", "UnitTestingApp.Test.csproj", "{99324726-BC6A-4608-B53E-FE465A890BBD}"
EndProject
Global
	GlobalSection(SolutionConfigurationPlatforms) = preSolution
		Debug|Any CPU = Debug|Any CPU
		Release|Any CPU = Release|Any CPU
	EndGlobalSection
	GlobalSection(ProjectConfigurationPlatforms) = postSolution
		{99324726-BC6A-4608-B53E-FE465A890BBD}.Debug|Any CPU.ActiveCfg = Debug|Any CPU
		{99324726-BC6A-4608-B53E-FE465A890BBD}.Debug|Any CPU.Build.0 = Debug|Any CPU
		{99324726-BC6A-4608-B53E-FE465A890BBD}.Release|Any CPU.ActiveCfg = Release|Any CPU
		{99324726-BC6A-4608-B53E-FE465A890BBD}.Release|Any CPU.Build.0 = Release|Any CPU
	EndGlobalSection
	GlobalSection(SolutionProperties) = preSolution
		HideSolutionNode = FALSE
	EndGlobalSection
	GlobalSection(ExtensibilityGlobals) = postSolution
		SolutionGuid = {3B5424B1-D0A8-4D4D-B23C-3423636CC3C7}
	EndGlobalSection
EndGlobal
